
Microsoft Visual Studio Solution File, Format Version 12.00
# Visual Studio Version 17
Project("{8BC9CEB8-8B4A-11D0-8D11-00A0C91BC942}") = "ALL_BUILD", "ALL_BUILD.vcxproj", "{3918BAB7-FA67-3055-B5B4-67C927A3B78C}"
	ProjectSection(ProjectDependencies) = postProject
		{87C97138-5626-354F-A82C-90009DC1749D} = {87C97138-5626-354F-A82C-90009DC1749D}
		{65190BE7-46F1-3F94-9C0C-57C47CEBC21B} = {65190BE7-46F1-3F94-9C0C-57C47CEBC21B}
	EndProjectSection
EndProject
Project("{8BC9CEB8-8B4A-11D0-8D11-00A0C91BC942}") = "MyGame", "MyGame.vcxproj", "{87C97138-5626-354F-A82C-90009DC1749D}"
	ProjectSection(ProjectDependencies) = postProject
		{65190BE7-46F1-3F94-9C0C-57C47CEBC21B} = {65190BE7-46F1-3F94-9C0C-57C47CEBC21B}
	EndProjectSection
EndProject
Project("{8BC9CEB8-8B4A-11D0-8D11-00A0C91BC942}") = "ZERO_CHECK", "ZERO_CHECK.vcxproj", "{65190BE7-46F1-3F94-9C0C-57C47CEBC21B}"
	ProjectSection(ProjectDependencies) = postProject
	EndProjectSection
EndProject
Global
	GlobalSection(SolutionConfigurationPlatforms) = preSolution
		Debug|x64 = Debug|x64
		Release|x64 = Release|x64
		MinSizeRel|x64 = MinSizeRel|x64
		RelWithDebInfo|x64 = RelWithDebInfo|x64
	EndGlobalSection
	GlobalSection(ProjectConfigurationPlatforms) = postSolution
		{3918BAB7-FA67-3055-B5B4-67C927A3B78C}.Debug|x64.ActiveCfg = Debug|x64
		{3918BAB7-FA67-3055-B5B4-67C927A3B78C}.Release|x64.ActiveCfg = Release|x64
		{3918BAB7-FA67-3055-B5B4-67C927A3B78C}.MinSizeRel|x64.ActiveCfg = MinSizeRel|x64
		{3918BAB7-FA67-3055-B5B4-67C927A3B78C}.RelWithDebInfo|x64.ActiveCfg = RelWithDebInfo|x64
		{87C97138-5626-354F-A82C-90009DC1749D}.Debug|x64.ActiveCfg = Debug|x64
		{87C97138-5626-354F-A82C-90009DC1749D}.Debug|x64.Build.0 = Debug|x64
		{87C97138-5626-354F-A82C-90009DC1749D}.Release|x64.ActiveCfg = Release|x64
		{87C97138-5626-354F-A82C-90009DC1749D}.Release|x64.Build.0 = Release|x64
		{87C97138-5626-354F-A82C-90009DC1749D}.MinSizeRel|x64.ActiveCfg = MinSizeRel|x64
		{87C97138-5626-354F-A82C-90009DC1749D}.MinSizeRel|x64.Build.0 = MinSizeRel|x64
		{87C97138-5626-354F-A82C-90009DC1749D}.RelWithDebInfo|x64.ActiveCfg = RelWithDebInfo|x64
		{87C97138-5626-354F-A82C-90009DC1749D}.RelWithDebInfo|x64.Build.0 = RelWithDebInfo|x64
		{65190BE7-46F1-3F94-9C0C-57C47CEBC21B}.Debug|x64.ActiveCfg = Debug|x64
		{65190BE7-46F1-3F94-9C0C-57C47CEBC21B}.Debug|x64.Build.0 = Debug|x64
		{65190BE7-46F1-3F94-9C0C-57C47CEBC21B}.Release|x64.ActiveCfg = Release|x64
		{65190BE7-46F1-3F94-9C0C-57C47CEBC21B}.Release|x64.Build.0 = Release|x64
		{65190BE7-46F1-3F94-9C0C-57C47CEBC21B}.MinSizeRel|x64.ActiveCfg = MinSizeRel|x64
		{65190BE7-46F1-3F94-9C0C-57C47CEBC21B}.MinSizeRel|x64.Build.0 = MinSizeRel|x64
		{65190BE7-46F1-3F94-9C0C-57C47CEBC21B}.RelWithDebInfo|x64.ActiveCfg = RelWithDebInfo|x64
		{65190BE7-46F1-3F94-9C0C-57C47CEBC21B}.RelWithDebInfo|x64.Build.0 = RelWithDebInfo|x64
	EndGlobalSection
	GlobalSection(ExtensibilityGlobals) = postSolution
		SolutionGuid = {9BED7DCF-E9D5-312F-B0FC-82C6C0CA7343}
	EndGlobalSection
	GlobalSection(ExtensibilityAddIns) = postSolution
	EndGlobalSection
EndGlobal
